
Microsoft Visual Studio Solution File, Format Version 12.00
# Visual Studio Version 17
VisualStudioVersion = 17.8.34601.278
MinimumVisualStudioVersion = 10.0.40219.1
Project("{FAE04EC0-301F-11D3-BF4B-00C04F79EFBC}") = "Bookthree", "Bookthree\Bookthree.csproj", "{90D91B67-ACEC-4C24-880F-FE8E9C5FC61F}"
EndProject
Global
	GlobalSection(SolutionConfigurationPlatforms) = preSolution
		Debug|Any CPU = Debug|Any CPU
		Release|Any CPU = Release|Any CPU
	EndGlobalSection
	GlobalSection(ProjectConfigurationPlatforms) = postSolution
		{90D91B67-ACEC-4C24-880F-FE8E9C5FC61F}.Debug|Any CPU.ActiveCfg = Debug|Any CPU
		{90D91B67-ACEC-4C24-880F-FE8E9C5FC61F}.Debug|Any CPU.Build.0 = Debug|Any CPU
		{90D91B67-ACEC-4C24-880F-FE8E9C5FC61F}.Release|Any CPU.ActiveCfg = Release|Any CPU
		{90D91B67-ACEC-4C24-880F-FE8E9C5FC61F}.Release|Any CPU.Build.0 = Release|Any CPU
	EndGlobalSection
	GlobalSection(SolutionProperties) = preSolution
		HideSolutionNode = FALSE
	EndGlobalSection
	GlobalSection(ExtensibilityGlobals) = postSolution
		SolutionGuid = {A6B59C82-2B7E-427D-8F5A-F5C22D47C53C}
	EndGlobalSection
EndGlobal
